
Microsoft Visual Studio Solution File, Format Version 12.00
# Visual Studio Version 17
VisualStudioVersion = 17.9.34728.123
MinimumVisualStudioVersion = 10.0.40219.1
Project("{2150E333-8FDC-42A3-9474-1A3956D46DE8}") = "1.0 - Presentation", "1.0 - Presentation", "{0BE7DED6-C716-4A26-8560-A0EE178B139C}"
EndProject
Project("{2150E333-8FDC-42A3-9474-1A3956D46DE8}") = "2.0 - Application", "2.0 - Application", "{2EED179E-E508-477C-B1EE-086D286DDBAB}"
EndProject
Project("{2150E333-8FDC-42A3-9474-1A3956D46DE8}") = "3.0 - Domain", "3.0 - Domain", "{17E4BDD1-3873-4EAF-B9FD-DB8EE71CEBC0}"
EndProject
Project("{2150E333-8FDC-42A3-9474-1A3956D46DE8}") = "4.0 - Infrastructure", "4.0 - Infrastructure", "{5436700E-D15B-4948-B32F-72B9D7E2D862}"
EndProject
Project("{2150E333-8FDC-42A3-9474-1A3956D46DE8}") = "5.0 - Test", "5.0 - Test", "{9465172B-516F-4744-9AFC-40267B0B9801}"
EndProject
Project("{FAE04EC0-301F-11D3-BF4B-00C04F79EFBC}") = "BMTeste.ConsoleApp", "BMTesteConsoleApp\BMTeste.ConsoleApp.csproj", "{732E8B3E-A70D-4112-AACD-0B7A20F1AF2E}"
EndProject
Project("{2150E333-8FDC-42A3-9474-1A3956D46DE8}") = "4.1 - Data", "4.1 - Data", "{D3E07286-4ABA-4361-8168-A63DACF3CFE8}"
EndProject
Project("{2150E333-8FDC-42A3-9474-1A3956D46DE8}") = "4.2 - CrossCutting", "4.2 - CrossCutting", "{C0187EB6-1ACD-4D74-B4E4-0569F456067B}"
EndProject
Project("{FAE04EC0-301F-11D3-BF4B-00C04F79EFBC}") = "BMTeste.Models", "BMTeste.Models\BMTeste.Models.csproj", "{8B0B696C-A08F-4A1D-B72D-C587B482F6E3}"
EndProject
Project("{FAE04EC0-301F-11D3-BF4B-00C04F79EFBC}") = "BMTeste.Business", "BMTeste.Business\BMTeste.Business.csproj", "{3DB947E0-9717-444C-A46E-0EC5E126A302}"
EndProject
Project("{FAE04EC0-301F-11D3-BF4B-00C04F79EFBC}") = "BMTeste.Data", "BMTeste.Data\BMTeste.Data.csproj", "{95DBAA4D-7CE7-4FF6-82E5-E359975AEDE3}"
EndProject
Project("{FAE04EC0-301F-11D3-BF4B-00C04F79EFBC}") = "BMTeste.IOC", "BMTeste.IOC\BMTeste.IOC.csproj", "{B2F3DC74-1499-4FB9-97D5-435FDB887E51}"
EndProject
Project("{FAE04EC0-301F-11D3-BF4B-00C04F79EFBC}") = "BMTeste.Test", "BMTeste.Test\BMTeste.Test.csproj", "{522AA604-5184-4670-AE34-32746B903E18}"
EndProject
Global
	GlobalSection(SolutionConfigurationPlatforms) = preSolution
		Debug|Any CPU = Debug|Any CPU
		Release|Any CPU = Release|Any CPU
	EndGlobalSection
	GlobalSection(ProjectConfigurationPlatforms) = postSolution
		{732E8B3E-A70D-4112-AACD-0B7A20F1AF2E}.Debug|Any CPU.ActiveCfg = Debug|Any CPU
		{732E8B3E-A70D-4112-AACD-0B7A20F1AF2E}.Debug|Any CPU.Build.0 = Debug|Any CPU
		{732E8B3E-A70D-4112-AACD-0B7A20F1AF2E}.Release|Any CPU.ActiveCfg = Release|Any CPU
		{732E8B3E-A70D-4112-AACD-0B7A20F1AF2E}.Release|Any CPU.Build.0 = Release|Any CPU
		{8B0B696C-A08F-4A1D-B72D-C587B482F6E3}.Debug|Any CPU.ActiveCfg = Debug|Any CPU
		{8B0B696C-A08F-4A1D-B72D-C587B482F6E3}.Debug|Any CPU.Build.0 = Debug|Any CPU
		{8B0B696C-A08F-4A1D-B72D-C587B482F6E3}.Release|Any CPU.ActiveCfg = Release|Any CPU
		{8B0B696C-A08F-4A1D-B72D-C587B482F6E3}.Release|Any CPU.Build.0 = Release|Any CPU
		{3DB947E0-9717-444C-A46E-0EC5E126A302}.Debug|Any CPU.ActiveCfg = Debug|Any CPU
		{3DB947E0-9717-444C-A46E-0EC5E126A302}.Debug|Any CPU.Build.0 = Debug|Any CPU
		{3DB947E0-9717-444C-A46E-0EC5E126A302}.Release|Any CPU.ActiveCfg = Release|Any CPU
		{3DB947E0-9717-444C-A46E-0EC5E126A302}.Release|Any CPU.Build.0 = Release|Any CPU
		{95DBAA4D-7CE7-4FF6-82E5-E359975AEDE3}.Debug|Any CPU.ActiveCfg = Debug|Any CPU
		{95DBAA4D-7CE7-4FF6-82E5-E359975AEDE3}.Debug|Any CPU.Build.0 = Debug|Any CPU
		{95DBAA4D-7CE7-4FF6-82E5-E359975AEDE3}.Release|Any CPU.ActiveCfg = Release|Any CPU
		{95DBAA4D-7CE7-4FF6-82E5-E359975AEDE3}.Release|Any CPU.Build.0 = Release|Any CPU
		{B2F3DC74-1499-4FB9-97D5-435FDB887E51}.Debug|Any CPU.ActiveCfg = Debug|Any CPU
		{B2F3DC74-1499-4FB9-97D5-435FDB887E51}.Debug|Any CPU.Build.0 = Debug|Any CPU
		{B2F3DC74-1499-4FB9-97D5-435FDB887E51}.Release|Any CPU.ActiveCfg = Release|Any CPU
		{B2F3DC74-1499-4FB9-97D5-435FDB887E51}.Release|Any CPU.Build.0 = Release|Any CPU
		{522AA604-5184-4670-AE34-32746B903E18}.Debug|Any CPU.ActiveCfg = Debug|Any CPU
		{522AA604-5184-4670-AE34-32746B903E18}.Debug|Any CPU.Build.0 = Debug|Any CPU
		{522AA604-5184-4670-AE34-32746B903E18}.Release|Any CPU.ActiveCfg = Release|Any CPU
		{522AA604-5184-4670-AE34-32746B903E18}.Release|Any CPU.Build.0 = Release|Any CPU
	EndGlobalSection
	GlobalSection(SolutionProperties) = preSolution
		HideSolutionNode = FALSE
	EndGlobalSection
	GlobalSection(NestedProjects) = preSolution
		{732E8B3E-A70D-4112-AACD-0B7A20F1AF2E} = {0BE7DED6-C716-4A26-8560-A0EE178B139C}
		{D3E07286-4ABA-4361-8168-A63DACF3CFE8} = {5436700E-D15B-4948-B32F-72B9D7E2D862}
		{C0187EB6-1ACD-4D74-B4E4-0569F456067B} = {5436700E-D15B-4948-B32F-72B9D7E2D862}
		{8B0B696C-A08F-4A1D-B72D-C587B482F6E3} = {17E4BDD1-3873-4EAF-B9FD-DB8EE71CEBC0}
		{3DB947E0-9717-444C-A46E-0EC5E126A302} = {2EED179E-E508-477C-B1EE-086D286DDBAB}
		{95DBAA4D-7CE7-4FF6-82E5-E359975AEDE3} = {D3E07286-4ABA-4361-8168-A63DACF3CFE8}
		{B2F3DC74-1499-4FB9-97D5-435FDB887E51} = {C0187EB6-1ACD-4D74-B4E4-0569F456067B}
		{522AA604-5184-4670-AE34-32746B903E18} = {9465172B-516F-4744-9AFC-40267B0B9801}
	EndGlobalSection
	GlobalSection(ExtensibilityGlobals) = postSolution
		SolutionGuid = {707F4342-6DA4-4014-AE0F-3F76C266FC00}
	EndGlobalSection
EndGlobal
